
Microsoft Visual Studio Solution File, Format Version 12.00
# Visual Studio Version 17
VisualStudioVersion = 17.5.002.0
MinimumVisualStudioVersion = 10.0.40219.1
Project("{9A19103F-16F7-4668-BE54-9A1E7A4F7556}") = "TASk3", "TASk3.csproj", "{035BFCF7-09D3-4EFD-8AFD-7F5458C393C5}"
EndProject
Global
	GlobalSection(SolutionConfigurationPlatforms) = preSolution
		Debug|Any CPU = Debug|Any CPU
		Release|Any CPU = Release|Any CPU
	EndGlobalSection
	GlobalSection(ProjectConfigurationPlatforms) = postSolution
		{035BFCF7-09D3-4EFD-8AFD-7F5458C393C5}.Debug|Any CPU.ActiveCfg = Debug|Any CPU
		{035BFCF7-09D3-4EFD-8AFD-7F5458C393C5}.Debug|Any CPU.Build.0 = Debug|Any CPU
		{035BFCF7-09D3-4EFD-8AFD-7F5458C393C5}.Release|Any CPU.ActiveCfg = Release|Any CPU
		{035BFCF7-09D3-4EFD-8AFD-7F5458C393C5}.Release|Any CPU.Build.0 = Release|Any CPU
	EndGlobalSection
	GlobalSection(SolutionProperties) = preSolution
		HideSolutionNode = FALSE
	EndGlobalSection
	GlobalSection(ExtensibilityGlobals) = postSolution
		SolutionGuid = {354C95F5-489C-4DAF-AED4-BA44AB6F27E3}
	EndGlobalSection
EndGlobal
