
Microsoft Visual Studio Solution File, Format Version 12.00
# Visual Studio Version 17
VisualStudioVersion = 17.5.002.0
MinimumVisualStudioVersion = 10.0.40219.1
Project("{9A19103F-16F7-4668-BE54-9A1E7A4F7556}") = "TASk2", "TASk2.csproj", "{A25DFF89-5804-4A16-81DF-E6BD8C6697F1}"
EndProject
Global
	GlobalSection(SolutionConfigurationPlatforms) = preSolution
		Debug|Any CPU = Debug|Any CPU
		Release|Any CPU = Release|Any CPU
	EndGlobalSection
	GlobalSection(ProjectConfigurationPlatforms) = postSolution
		{A25DFF89-5804-4A16-81DF-E6BD8C6697F1}.Debug|Any CPU.ActiveCfg = Debug|Any CPU
		{A25DFF89-5804-4A16-81DF-E6BD8C6697F1}.Debug|Any CPU.Build.0 = Debug|Any CPU
		{A25DFF89-5804-4A16-81DF-E6BD8C6697F1}.Release|Any CPU.ActiveCfg = Release|Any CPU
		{A25DFF89-5804-4A16-81DF-E6BD8C6697F1}.Release|Any CPU.Build.0 = Release|Any CPU
	EndGlobalSection
	GlobalSection(SolutionProperties) = preSolution
		HideSolutionNode = FALSE
	EndGlobalSection
	GlobalSection(ExtensibilityGlobals) = postSolution
		SolutionGuid = {375DB89C-2EB7-4602-A11C-97907B6645A7}
	EndGlobalSection
EndGlobal
