
Microsoft Visual Studio Solution File, Format Version 12.00
# Visual Studio Version 17
VisualStudioVersion = 17.5.002.0
MinimumVisualStudioVersion = 10.0.40219.1
Project("{9A19103F-16F7-4668-BE54-9A1E7A4F7556}") = "TASK6", "TASK6.csproj", "{95EE0192-D435-469E-9149-9B9BBB7D0788}"
EndProject
Global
	GlobalSection(SolutionConfigurationPlatforms) = preSolution
		Debug|Any CPU = Debug|Any CPU
		Release|Any CPU = Release|Any CPU
	EndGlobalSection
	GlobalSection(ProjectConfigurationPlatforms) = postSolution
		{95EE0192-D435-469E-9149-9B9BBB7D0788}.Debug|Any CPU.ActiveCfg = Debug|Any CPU
		{95EE0192-D435-469E-9149-9B9BBB7D0788}.Debug|Any CPU.Build.0 = Debug|Any CPU
		{95EE0192-D435-469E-9149-9B9BBB7D0788}.Release|Any CPU.ActiveCfg = Release|Any CPU
		{95EE0192-D435-469E-9149-9B9BBB7D0788}.Release|Any CPU.Build.0 = Release|Any CPU
	EndGlobalSection
	GlobalSection(SolutionProperties) = preSolution
		HideSolutionNode = FALSE
	EndGlobalSection
	GlobalSection(ExtensibilityGlobals) = postSolution
		SolutionGuid = {E6F48AD9-9251-4919-AB6C-FF5448EB4EBC}
	EndGlobalSection
EndGlobal
