
Microsoft Visual Studio Solution File, Format Version 12.00
# Visual Studio Version 17
VisualStudioVersion = 17.5.002.0
MinimumVisualStudioVersion = 10.0.40219.1
Project("{9A19103F-16F7-4668-BE54-9A1E7A4F7556}") = "TASK5", "TASK5.csproj", "{B5A77BF7-617A-4DD7-9195-6914C67D50DC}"
EndProject
Global
	GlobalSection(SolutionConfigurationPlatforms) = preSolution
		Debug|Any CPU = Debug|Any CPU
		Release|Any CPU = Release|Any CPU
	EndGlobalSection
	GlobalSection(ProjectConfigurationPlatforms) = postSolution
		{B5A77BF7-617A-4DD7-9195-6914C67D50DC}.Debug|Any CPU.ActiveCfg = Debug|Any CPU
		{B5A77BF7-617A-4DD7-9195-6914C67D50DC}.Debug|Any CPU.Build.0 = Debug|Any CPU
		{B5A77BF7-617A-4DD7-9195-6914C67D50DC}.Release|Any CPU.ActiveCfg = Release|Any CPU
		{B5A77BF7-617A-4DD7-9195-6914C67D50DC}.Release|Any CPU.Build.0 = Release|Any CPU
	EndGlobalSection
	GlobalSection(SolutionProperties) = preSolution
		HideSolutionNode = FALSE
	EndGlobalSection
	GlobalSection(ExtensibilityGlobals) = postSolution
		SolutionGuid = {2B1A926F-7DE2-4003-B88B-54614C6A4867}
	EndGlobalSection
EndGlobal
